
Microsoft Visual Studio Solution File, Format Version 12.00
# Visual Studio 15
VisualStudioVersion = 15.0.27703.2018
MinimumVisualStudioVersion = 10.0.40219.1
Project("{E53339B2-1760-4266-BCC7-CA923CBCF16C}") = "docker-compose", "docker-compose.dcproj", "{A371DCCD-E68F-4586-B359-FDE2F382BFBF}"
EndProject
Project("{9A19103F-16F7-4668-BE54-9A1E7A4F7556}") = "CustomerManagement.Api", "CustomerManagement.Api\CustomerManagement.Api.csproj", "{07D6CB82-384F-40AB-AC1C-ADEBCE79A7AD}"
EndProject
Project("{FAE04EC0-301F-11D3-BF4B-00C04F79EFBC}") = "CustomerManagement.Logic", "..\CustomerManagement.Logic\CustomerManagement.Logic.csproj", "{A54E852E-CCE6-4764-A581-40F394CC70B3}"
EndProject
Project("{FAE04EC0-301F-11D3-BF4B-00C04F79EFBC}") = "CustomerManagement.Tests", "CustomerManagement.Tests\CustomerManagement.Tests.csproj", "{7C31A075-84EF-45C2-802F-5A78548B1E2E}"
EndProject
Global
	GlobalSection(SolutionConfigurationPlatforms) = preSolution
		Debug|Any CPU = Debug|Any CPU
		Release|Any CPU = Release|Any CPU
	EndGlobalSection
	GlobalSection(ProjectConfigurationPlatforms) = postSolution
		{A371DCCD-E68F-4586-B359-FDE2F382BFBF}.Debug|Any CPU.ActiveCfg = Debug|Any CPU
		{A371DCCD-E68F-4586-B359-FDE2F382BFBF}.Debug|Any CPU.Build.0 = Debug|Any CPU
		{A371DCCD-E68F-4586-B359-FDE2F382BFBF}.Release|Any CPU.ActiveCfg = Release|Any CPU
		{A371DCCD-E68F-4586-B359-FDE2F382BFBF}.Release|Any CPU.Build.0 = Release|Any CPU
		{07D6CB82-384F-40AB-AC1C-ADEBCE79A7AD}.Debug|Any CPU.ActiveCfg = Debug|Any CPU
		{07D6CB82-384F-40AB-AC1C-ADEBCE79A7AD}.Debug|Any CPU.Build.0 = Debug|Any CPU
		{07D6CB82-384F-40AB-AC1C-ADEBCE79A7AD}.Release|Any CPU.ActiveCfg = Release|Any CPU
		{07D6CB82-384F-40AB-AC1C-ADEBCE79A7AD}.Release|Any CPU.Build.0 = Release|Any CPU
		{A54E852E-CCE6-4764-A581-40F394CC70B3}.Debug|Any CPU.ActiveCfg = Debug|Any CPU
		{A54E852E-CCE6-4764-A581-40F394CC70B3}.Debug|Any CPU.Build.0 = Debug|Any CPU
		{A54E852E-CCE6-4764-A581-40F394CC70B3}.Release|Any CPU.ActiveCfg = Release|Any CPU
		{A54E852E-CCE6-4764-A581-40F394CC70B3}.Release|Any CPU.Build.0 = Release|Any CPU
		{7C31A075-84EF-45C2-802F-5A78548B1E2E}.Debug|Any CPU.ActiveCfg = Debug|Any CPU
		{7C31A075-84EF-45C2-802F-5A78548B1E2E}.Debug|Any CPU.Build.0 = Debug|Any CPU
		{7C31A075-84EF-45C2-802F-5A78548B1E2E}.Release|Any CPU.ActiveCfg = Release|Any CPU
		{7C31A075-84EF-45C2-802F-5A78548B1E2E}.Release|Any CPU.Build.0 = Release|Any CPU
	EndGlobalSection
	GlobalSection(SolutionProperties) = preSolution
		HideSolutionNode = FALSE
	EndGlobalSection
	GlobalSection(ExtensibilityGlobals) = postSolution
		SolutionGuid = {34A58541-5903-4F6A-9B0C-879518290B63}
	EndGlobalSection
EndGlobal
